# Generated by buf. DO NOT EDIT.
version: v1
deps:
  - remote: buf.build
    owner: bufbuild
    repository: protovalidate
    commit: e097f827e65240ac9fd4b1158849a8fc
    digest: shake256:f19252436fd9ded945631e2ffaaed28247a92c9015ccf55ae99db9fb3d9600c4fdb00fd2d3bd7701026ec2fd4715c5129e6ae517c25a59ba690020cfe80bf8ad
  - remote: buf.build
    owner: stealthrocket
    repository: dispatch-proto
    commit: 27bc9b1d8ccb4ab2a37063596845524b
    digest: shake256:deb2dca49a7ed8943f1839c0b85fd55f060d2a436e40f33f736f6e979236bb5fab2b5ed8b8dfd1b4883cecf03f541c19a65c26f938c504b285d9a4b8c8d18820
